
Microsoft Visual Studio Solution File, Format Version 12.00
# Visual Studio Version 17
VisualStudioVersion = 17.14.36401.2 d17.14
MinimumVisualStudioVersion = 10.0.40219.1
Project("{FAE04EC0-301F-11D3-BF4B-00C04F79EFBC}") = "WindowsFormsApp8", "WindowsFormsApp8\WindowsFormsApp8.csproj", "{AAA70ED2-40CF-423F-90C8-49BD68C69A15}"
EndProject
Global
	GlobalSection(SolutionConfigurationPlatforms) = preSolution
		Debug|Any CPU = Debug|Any CPU
		Release|Any CPU = Release|Any CPU
	EndGlobalSection
	GlobalSection(ProjectConfigurationPlatforms) = postSolution
		{AAA70ED2-40CF-423F-90C8-49BD68C69A15}.Debug|Any CPU.ActiveCfg = Debug|Any CPU
		{AAA70ED2-40CF-423F-90C8-49BD68C69A15}.Debug|Any CPU.Build.0 = Debug|Any CPU
		{AAA70ED2-40CF-423F-90C8-49BD68C69A15}.Release|Any CPU.ActiveCfg = Release|Any CPU
		{AAA70ED2-40CF-423F-90C8-49BD68C69A15}.Release|Any CPU.Build.0 = Release|Any CPU
	EndGlobalSection
	GlobalSection(SolutionProperties) = preSolution
		HideSolutionNode = FALSE
	EndGlobalSection
	GlobalSection(ExtensibilityGlobals) = postSolution
		SolutionGuid = {59CFA028-409A-408A-A047-06D614004899}
	EndGlobalSection
EndGlobal
