
Microsoft Visual Studio Solution File, Format Version 12.00
# Visual Studio Version 17
VisualStudioVersion = 17.14.36401.2 d17.14
MinimumVisualStudioVersion = 10.0.40219.1
Project("{FAE04EC0-301F-11D3-BF4B-00C04F79EFBC}") = "WindowsFormsApp4", "WindowsFormsApp4\WindowsFormsApp4.csproj", "{A6BD451B-368A-418B-9C29-3E813AD4E3DF}"
EndProject
Global
	GlobalSection(SolutionConfigurationPlatforms) = preSolution
		Debug|Any CPU = Debug|Any CPU
		Release|Any CPU = Release|Any CPU
	EndGlobalSection
	GlobalSection(ProjectConfigurationPlatforms) = postSolution
		{A6BD451B-368A-418B-9C29-3E813AD4E3DF}.Debug|Any CPU.ActiveCfg = Debug|Any CPU
		{A6BD451B-368A-418B-9C29-3E813AD4E3DF}.Debug|Any CPU.Build.0 = Debug|Any CPU
		{A6BD451B-368A-418B-9C29-3E813AD4E3DF}.Release|Any CPU.ActiveCfg = Release|Any CPU
		{A6BD451B-368A-418B-9C29-3E813AD4E3DF}.Release|Any CPU.Build.0 = Release|Any CPU
	EndGlobalSection
	GlobalSection(SolutionProperties) = preSolution
		HideSolutionNode = FALSE
	EndGlobalSection
	GlobalSection(ExtensibilityGlobals) = postSolution
		SolutionGuid = {5E111B13-F97D-430B-9CA7-EA03FD971267}
	EndGlobalSection
EndGlobal
