
Microsoft Visual Studio Solution File, Format Version 12.00
# Visual Studio Version 17
VisualStudioVersion = 17.14.36401.2 d17.14
MinimumVisualStudioVersion = 10.0.40219.1
Project("{FAE04EC0-301F-11D3-BF4B-00C04F79EFBC}") = "WindowsFormsApp10", "WindowsFormsApp10\WindowsFormsApp10.csproj", "{F4D4CD21-FD35-455D-9F00-90F63D6FB1BA}"
EndProject
Global
	GlobalSection(SolutionConfigurationPlatforms) = preSolution
		Debug|Any CPU = Debug|Any CPU
		Release|Any CPU = Release|Any CPU
	EndGlobalSection
	GlobalSection(ProjectConfigurationPlatforms) = postSolution
		{F4D4CD21-FD35-455D-9F00-90F63D6FB1BA}.Debug|Any CPU.ActiveCfg = Debug|Any CPU
		{F4D4CD21-FD35-455D-9F00-90F63D6FB1BA}.Debug|Any CPU.Build.0 = Debug|Any CPU
		{F4D4CD21-FD35-455D-9F00-90F63D6FB1BA}.Release|Any CPU.ActiveCfg = Release|Any CPU
		{F4D4CD21-FD35-455D-9F00-90F63D6FB1BA}.Release|Any CPU.Build.0 = Release|Any CPU
	EndGlobalSection
	GlobalSection(SolutionProperties) = preSolution
		HideSolutionNode = FALSE
	EndGlobalSection
	GlobalSection(ExtensibilityGlobals) = postSolution
		SolutionGuid = {4BD5FDDD-01F9-48AA-80DC-CC4EDB328A70}
	EndGlobalSection
EndGlobal
