
Microsoft Visual Studio Solution File, Format Version 12.00
# Visual Studio Version 17
VisualStudioVersion = 17.14.36401.2 d17.14
MinimumVisualStudioVersion = 10.0.40219.1
Project("{FAE04EC0-301F-11D3-BF4B-00C04F79EFBC}") = "WindowsFormsApp6", "WindowsFormsApp6\WindowsFormsApp6.csproj", "{09808270-0F0E-40D5-BB6D-C6039E44E755}"
EndProject
Global
	GlobalSection(SolutionConfigurationPlatforms) = preSolution
		Debug|Any CPU = Debug|Any CPU
		Release|Any CPU = Release|Any CPU
	EndGlobalSection
	GlobalSection(ProjectConfigurationPlatforms) = postSolution
		{09808270-0F0E-40D5-BB6D-C6039E44E755}.Debug|Any CPU.ActiveCfg = Debug|Any CPU
		{09808270-0F0E-40D5-BB6D-C6039E44E755}.Debug|Any CPU.Build.0 = Debug|Any CPU
		{09808270-0F0E-40D5-BB6D-C6039E44E755}.Release|Any CPU.ActiveCfg = Release|Any CPU
		{09808270-0F0E-40D5-BB6D-C6039E44E755}.Release|Any CPU.Build.0 = Release|Any CPU
	EndGlobalSection
	GlobalSection(SolutionProperties) = preSolution
		HideSolutionNode = FALSE
	EndGlobalSection
	GlobalSection(ExtensibilityGlobals) = postSolution
		SolutionGuid = {D58FD552-6FF5-4A06-9685-E4ADD065FE96}
	EndGlobalSection
EndGlobal
